// !$*UTF8*$!
{
	archiveVersion = 1;
	classes = {
	};
	objectVersion = 50;
	objects = {

/* Begin PBXBuildFile section */
		7813DDE726D7BB7F00311DEA /* Chat_App_UIApp.swift in Sources */ = {isa = PBXBuildFile; fileRef = 7813DDE626D7BB7F00311DEA /* Chat_App_UIApp.swift */; };
		7813DDE926D7BB7F00311DEA /* ContentView.swift in Sources */ = {isa = PBXBuildFile; fileRef = 7813DDE826D7BB7F00311DEA /* ContentView.swift */; };
		7813DDEB26D7BB8000311DEA /* Assets.xcassets in Resources */ = {isa = PBXBuildFile; fileRef = 7813DDEA26D7BB8000311DEA /* Assets.xcassets */; };
		7813DDEE26D7BB8000311DEA /* Preview Assets.xcassets in Resources */ = {isa = PBXBuildFile; fileRef = 7813DDED26D7BB8000311DEA /* Preview Assets.xcassets */; };
		7813DDFA26D7BE2000311DEA /* Home.swift in Sources */ = {isa = PBXBuildFile; fileRef = 7813DDF926D7BE2000311DEA /* Home.swift */; };
		7813DDFC26D7BE7E00311DEA /* TabButton.swift in Sources */ = {isa = PBXBuildFile; fileRef = 7813DDFB26D7BE7E00311DEA /* TabButton.swift */; };
		7813DDFE26D7C23300311DEA /* HomeViewModel.swift in Sources */ = {isa = PBXBuildFile; fileRef = 7813DDFD26D7C23300311DEA /* HomeViewModel.swift */; };
		783F903226D7CD85006AB344 /* BlurView.swift in Sources */ = {isa = PBXBuildFile; fileRef = 783F903126D7CD85006AB344 /* BlurView.swift */; };
		783F903426D7D09D006AB344 /* AllChatsView.swift in Sources */ = {isa = PBXBuildFile; fileRef = 783F903326D7D09D006AB344 /* AllChatsView.swift */; };
		783F903626D7D128006AB344 /* RecentMessage.swift in Sources */ = {isa = PBXBuildFile; fileRef = 783F903526D7D128006AB344 /* RecentMessage.swift */; };
		783F903826D7D1E9006AB344 /* Message.swift in Sources */ = {isa = PBXBuildFile; fileRef = 783F903726D7D1E9006AB344 /* Message.swift */; };
		783F903A26D7D35A006AB344 /* RecentCardView.swift in Sources */ = {isa = PBXBuildFile; fileRef = 783F903926D7D35A006AB344 /* RecentCardView.swift */; };
		783F903C26D7DE3B006AB344 /* DetailView.swift in Sources */ = {isa = PBXBuildFile; fileRef = 783F903B26D7DE3B006AB344 /* DetailView.swift */; };
/* End PBXBuildFile section */

/* Begin PBXFileReference section */
		7813DDE326D7BB7F00311DEA /* Chat App UI.app */ = {isa = PBXFileReference; explicitFileType = wrapper.application; includeInIndex = 0; path = "Chat App UI.app"; sourceTree = BUILT_PRODUCTS_DIR; };
		7813DDE626D7BB7F00311DEA /* Chat_App_UIApp.swift */ = {isa = PBXFileReference; lastKnownFileType = sourcecode.swift; path = Chat_App_UIApp.swift; sourceTree = "<group>"; };
		7813DDE826D7BB7F00311DEA /* ContentView.swift */ = {isa = PBXFileReference; lastKnownFileType = sourcecode.swift; path = ContentView.swift; sourceTree = "<group>"; };
		7813DDEA26D7BB8000311DEA /* Assets.xcassets */ = {isa = PBXFileReference; lastKnownFileType = folder.assetcatalog; path = Assets.xcassets; sourceTree = "<group>"; };
		7813DDED26D7BB8000311DEA /* Preview Assets.xcassets */ = {isa = PBXFileReference; lastKnownFileType = folder.assetcatalog; path = "Preview Assets.xcassets"; sourceTree = "<group>"; };
		7813DDEF26D7BB8000311DEA /* Info.plist */ = {isa = PBXFileReference; lastKnownFileType = text.plist.xml; path = Info.plist; sourceTree = "<group>"; };
		7813DDF026D7BB8000311DEA /* Chat_App_UI.entitlements */ = {isa = PBXFileReference; lastKnownFileType = text.plist.entitlements; path = Chat_App_UI.entitlements; sourceTree = "<group>"; };
		7813DDF926D7BE2000311DEA /* Home.swift */ = {isa = PBXFileReference; lastKnownFileType = sourcecode.swift; path = Home.swift; sourceTree = "<group>"; };
		7813DDFB26D7BE7E00311DEA /* TabButton.swift */ = {isa = PBXFileReference; lastKnownFileType = sourcecode.swift; path = TabButton.swift; sourceTree = "<group>"; };
		7813DDFD26D7C23300311DEA /* HomeViewModel.swift */ = {isa = PBXFileReference; lastKnownFileType = sourcecode.swift; path = HomeViewModel.swift; sourceTree = "<group>"; };
		783F903126D7CD85006AB344 /* BlurView.swift */ = {isa = PBXFileReference; lastKnownFileType = sourcecode.swift; path = BlurView.swift; sourceTree = "<group>"; };
		783F903326D7D09D006AB344 /* AllChatsView.swift */ = {isa = PBXFileReference; lastKnownFileType = sourcecode.swift; path = AllChatsView.swift; sourceTree = "<group>"; };
		783F903526D7D128006AB344 /* RecentMessage.swift */ = {isa = PBXFileReference; lastKnownFileType = sourcecode.swift; path = RecentMessage.swift; sourceTree = "<group>"; };
		783F903726D7D1E9006AB344 /* Message.swift */ = {isa = PBXFileReference; lastKnownFileType = sourcecode.swift; path = Message.swift; sourceTree = "<group>"; };
		783F903926D7D35A006AB344 /* RecentCardView.swift */ = {isa = PBXFileReference; lastKnownFileType = sourcecode.swift; path = RecentCardView.swift; sourceTree = "<group>"; };
		783F903B26D7DE3B006AB344 /* DetailView.swift */ = {isa = PBXFileReference; lastKnownFileType = sourcecode.swift; path = DetailView.swift; sourceTree = "<group>"; };
/* End PBXFileReference section */

/* Begin PBXFrameworksBuildPhase section */
		7813DDE026D7BB7F00311DEA /* Frameworks */ = {
			isa = PBXFrameworksBuildPhase;
			buildActionMask = 2147483647;
			files = (
			);
			runOnlyForDeploymentPostprocessing = 0;
		};
/* End PBXFrameworksBuildPhase section */

/* Begin PBXGroup section */
		7813DDDA26D7BB7F00311DEA = {
			isa = PBXGroup;
			children = (
				7813DDE526D7BB7F00311DEA /* Chat App UI */,
				7813DDE426D7BB7F00311DEA /* Products */,
			);
			sourceTree = "<group>";
		};
		7813DDE426D7BB7F00311DEA /* Products */ = {
			isa = PBXGroup;
			children = (
				7813DDE326D7BB7F00311DEA /* Chat App UI.app */,
			);
			name = Products;
			sourceTree = "<group>";
		};
		7813DDE526D7BB7F00311DEA /* Chat App UI */ = {
			isa = PBXGroup;
			children = (
				7813DDF826D7BE0A00311DEA /* ViewModel */,
				7813DDF726D7BE0600311DEA /* Model */,
				7813DDF626D7BDF800311DEA /* View */,
				7813DDE626D7BB7F00311DEA /* Chat_App_UIApp.swift */,
				7813DDE826D7BB7F00311DEA /* ContentView.swift */,
				7813DDEA26D7BB8000311DEA /* Assets.xcassets */,
				7813DDEF26D7BB8000311DEA /* Info.plist */,
				7813DDF026D7BB8000311DEA /* Chat_App_UI.entitlements */,
				7813DDEC26D7BB8000311DEA /* Preview Content */,
			);
			path = "Chat App UI";
			sourceTree = "<group>";
		};
		7813DDEC26D7BB8000311DEA /* Preview Content */ = {
			isa = PBXGroup;
			children = (
				7813DDED26D7BB8000311DEA /* Preview Assets.xcassets */,
			);
			path = "Preview Content";
			sourceTree = "<group>";
		};
		7813DDF626D7BDF800311DEA /* View */ = {
			isa = PBXGroup;
			children = (
				7813DDF926D7BE2000311DEA /* Home.swift */,
				7813DDFB26D7BE7E00311DEA /* TabButton.swift */,
				783F903126D7CD85006AB344 /* BlurView.swift */,
				783F903326D7D09D006AB344 /* AllChatsView.swift */,
				783F903926D7D35A006AB344 /* RecentCardView.swift */,
				783F903B26D7DE3B006AB344 /* DetailView.swift */,
			);
			path = View;
			sourceTree = "<group>";
		};
		7813DDF726D7BE0600311DEA /* Model */ = {
			isa = PBXGroup;
			children = (
				783F903526D7D128006AB344 /* RecentMessage.swift */,
				783F903726D7D1E9006AB344 /* Message.swift */,
			);
			path = Model;
			sourceTree = "<group>";
		};
		7813DDF826D7BE0A00311DEA /* ViewModel */ = {
			isa = PBXGroup;
			children = (
				7813DDFD26D7C23300311DEA /* HomeViewModel.swift */,
			);
			path = ViewModel;
			sourceTree = "<group>";
		};
/* End PBXGroup section */

/* Begin PBXNativeTarget section */
		7813DDE226D7BB7F00311DEA /* Chat App UI */ = {
			isa = PBXNativeTarget;
			buildConfigurationList = 7813DDF326D7BB8000311DEA /* Build configuration list for PBXNativeTarget "Chat App UI" */;
			buildPhases = (
				7813DDDF26D7BB7F00311DEA /* Sources */,
				7813DDE026D7BB7F00311DEA /* Frameworks */,
				7813DDE126D7BB7F00311DEA /* Resources */,
			);
			buildRules = (
			);
			dependencies = (
			);
			name = "Chat App UI";
			productName = "Chat App UI";
			productReference = 7813DDE326D7BB7F00311DEA /* Chat App UI.app */;
			productType = "com.apple.product-type.application";
		};
/* End PBXNativeTarget section */

/* Begin PBXProject section */
		7813DDDB26D7BB7F00311DEA /* Project object */ = {
			isa = PBXProject;
			attributes = {
				LastSwiftUpdateCheck = 1250;
				LastUpgradeCheck = 1250;
				TargetAttributes = {
					7813DDE226D7BB7F00311DEA = {
						CreatedOnToolsVersion = 12.5.1;
					};
				};
			};
			buildConfigurationList = 7813DDDE26D7BB7F00311DEA /* Build configuration list for PBXProject "Chat App UI" */;
			compatibilityVersion = "Xcode 9.3";
			developmentRegion = en;
			hasScannedForEncodings = 0;
			knownRegions = (
				en,
				Base,
			);
			mainGroup = 7813DDDA26D7BB7F00311DEA;
			productRefGroup = 7813DDE426D7BB7F00311DEA /* Products */;
			projectDirPath = "";
			projectRoot = "";
			targets = (
				7813DDE226D7BB7F00311DEA /* Chat App UI */,
			);
		};
/* End PBXProject section */

/* Begin PBXResourcesBuildPhase section */
		7813DDE126D7BB7F00311DEA /* Resources */ = {
			isa = PBXResourcesBuildPhase;
			buildActionMask = 2147483647;
			files = (
				7813DDEE26D7BB8000311DEA /* Preview Assets.xcassets in Resources */,
				7813DDEB26D7BB8000311DEA /* Assets.xcassets in Resources */,
			);
			runOnlyForDeploymentPostprocessing = 0;
		};
/* End PBXResourcesBuildPhase section */

/* Begin PBXSourcesBuildPhase section */
		7813DDDF26D7BB7F00311DEA /* Sources */ = {
			isa = PBXSourcesBuildPhase;
			buildActionMask = 2147483647;
			files = (
				783F903426D7D09D006AB344 /* AllChatsView.swift in Sources */,
				7813DDE926D7BB7F00311DEA /* ContentView.swift in Sources */,
				7813DDFC26D7BE7E00311DEA /* TabButton.swift in Sources */,
				783F903826D7D1E9006AB344 /* Message.swift in Sources */,
				7813DDFA26D7BE2000311DEA /* Home.swift in Sources */,
				783F903C26D7DE3B006AB344 /* DetailView.swift in Sources */,
				783F903626D7D128006AB344 /* RecentMessage.swift in Sources */,
				7813DDFE26D7C23300311DEA /* HomeViewModel.swift in Sources */,
				783F903A26D7D35A006AB344 /* RecentCardView.swift in Sources */,
				7813DDE726D7BB7F00311DEA /* Chat_App_UIApp.swift in Sources */,
				783F903226D7CD85006AB344 /* BlurView.swift in Sources */,
			);
			runOnlyForDeploymentPostprocessing = 0;
		};
/* End PBXSourcesBuildPhase section */

/* Begin XCBuildConfiguration section */
		7813DDF126D7BB8000311DEA /* Debug */ = {
			isa = XCBuildConfiguration;
			buildSettings = {
				ALWAYS_SEARCH_USER_PATHS = NO;
				CLANG_ANALYZER_NONNULL = YES;
				CLANG_ANALYZER_NUMBER_OBJECT_CONVERSION = YES_AGGRESSIVE;
				CLANG_CXX_LANGUAGE_STANDARD = "gnu++14";
				CLANG_CXX_LIBRARY = "libc++";
				CLANG_ENABLE_MODULES = YES;
				CLANG_ENABLE_OBJC_ARC = YES;
				CLANG_ENABLE_OBJC_WEAK = YES;
				CLANG_WARN_BLOCK_CAPTURE_AUTORELEASING = YES;
				CLANG_WARN_BOOL_CONVERSION = YES;
				CLANG_WARN_COMMA = YES;
				CLANG_WARN_CONSTANT_CONVERSION = YES;
				CLANG_WARN_DEPRECATED_OBJC_IMPLEMENTATIONS = YES;
				CLANG_WARN_DIRECT_OBJC_ISA_USAGE = YES_ERROR;
				CLANG_WARN_DOCUMENTATION_COMMENTS = YES;
				CLANG_WARN_EMPTY_BODY = YES;
				CLANG_WARN_ENUM_CONVERSION = YES;
				CLANG_WARN_INFINITE_RECURSION = YES;
				CLANG_WARN_INT_CONVERSION = YES;
				CLANG_WARN_NON_LITERAL_NULL_CONVERSION = YES;
				CLANG_WARN_OBJC_IMPLICIT_RETAIN_SELF = YES;
				CLANG_WARN_OBJC_LITERAL_CONVERSION = YES;
				CLANG_WARN_OBJC_ROOT_CLASS = YES_ERROR;
				CLANG_WARN_QUOTED_INCLUDE_IN_FRAMEWORK_HEADER = YES;
				CLANG_WARN_RANGE_LOOP_ANALYSIS = YES;
				CLANG_WARN_STRICT_PROTOTYPES = YES;
				CLANG_WARN_SUSPICIOUS_MOVE = YES;
				CLANG_WARN_UNGUARDED_AVAILABILITY = YES_AGGRESSIVE;
				CLANG_WARN_UNREACHABLE_CODE = YES;
				CLANG_WARN__DUPLICATE_METHOD_MATCH = YES;
				COPY_PHASE_STRIP = NO;
				DEBUG_INFORMATION_FORMAT = dwarf;
				ENABLE_STRICT_OBJC_MSGSEND = YES;
				ENABLE_TESTABILITY = YES;
				GCC_C_LANGUAGE_STANDARD = gnu11;
				GCC_DYNAMIC_NO_PIC = NO;
				GCC_NO_COMMON_BLOCKS = YES;
				GCC_OPTIMIZATION_LEVEL = 0;
				GCC_PREPROCESSOR_DEFINITIONS = (
					"DEBUG=1",
					"$(inherited)",
				);
				GCC_WARN_64_TO_32_BIT_CONVERSION = YES;
				GCC_WARN_ABOUT_RETURN_TYPE = YES_ERROR;
				GCC_WARN_UNDECLARED_SELECTOR = YES;
				GCC_WARN_UNINITIALIZED_AUTOS = YES_AGGRESSIVE;
				GCC_WARN_UNUSED_FUNCTION = YES;
				GCC_WARN_UNUSED_VARIABLE = YES;
				MACOSX_DEPLOYMENT_TARGET = 11.3;
				MTL_ENABLE_DEBUG_INFO = INCLUDE_SOURCE;
				MTL_FAST_MATH = YES;
				ONLY_ACTIVE_ARCH = YES;
				SDKROOT = macosx;
				SWIFT_ACTIVE_COMPILATION_CONDITIONS = DEBUG;
				SWIFT_OPTIMIZATION_LEVEL = "-Onone";
			};
			name = Debug;
		};
		7813DDF226D7BB8000311DEA /* Release */ = {
			isa = XCBuildConfiguration;
			buildSettings = {
				ALWAYS_SEARCH_USER_PATHS = NO;
				CLANG_ANALYZER_NONNULL = YES;
				CLANG_ANALYZER_NUMBER_OBJECT_CONVERSION = YES_AGGRESSIVE;
				CLANG_CXX_LANGUAGE_STANDARD = "gnu++14";
				CLANG_CXX_LIBRARY = "libc++";
				CLANG_ENABLE_MODULES = YES;
				CLANG_ENABLE_OBJC_ARC = YES;
				CLANG_ENABLE_OBJC_WEAK = YES;
				CLANG_WARN_BLOCK_CAPTURE_AUTORELEASING = YES;
				CLANG_WARN_BOOL_CONVERSION = YES;
				CLANG_WARN_COMMA = YES;
				CLANG_WARN_CONSTANT_CONVERSION = YES;
				CLANG_WARN_DEPRECATED_OBJC_IMPLEMENTATIONS = YES;
				CLANG_WARN_DIRECT_OBJC_ISA_USAGE = YES_ERROR;
				CLANG_WARN_DOCUMENTATION_COMMENTS = YES;
				CLANG_WARN_EMPTY_BODY = YES;
				CLANG_WARN_ENUM_CONVERSION = YES;
				CLANG_WARN_INFINITE_RECURSION = YES;
				CLANG_WARN_INT_CONVERSION = YES;
				CLANG_WARN_NON_LITERAL_NULL_CONVERSION = YES;
				CLANG_WARN_OBJC_IMPLICIT_RETAIN_SELF = YES;
				CLANG_WARN_OBJC_LITERAL_CONVERSION = YES;
				CLANG_WARN_OBJC_ROOT_CLASS = YES_ERROR;
				CLANG_WARN_QUOTED_INCLUDE_IN_FRAMEWORK_HEADER = YES;
				CLANG_WARN_RANGE_LOOP_ANALYSIS = YES;
				CLANG_WARN_STRICT_PROTOTYPES = YES;
				CLANG_WARN_SUSPICIOUS_MOVE = YES;
				CLANG_WARN_UNGUARDED_AVAILABILITY = YES_AGGRESSIVE;
				CLANG_WARN_UNREACHABLE_CODE = YES;
				CLANG_WARN__DUPLICATE_METHOD_MATCH = YES;
				COPY_PHASE_STRIP = NO;
				DEBUG_INFORMATION_FORMAT = "dwarf-with-dsym";
				ENABLE_NS_ASSERTIONS = NO;
				ENABLE_STRICT_OBJC_MSGSEND = YES;
				GCC_C_LANGUAGE_STANDARD = gnu11;
				GCC_NO_COMMON_BLOCKS = YES;
				GCC_WARN_64_TO_32_BIT_CONVERSION = YES;
				GCC_WARN_ABOUT_RETURN_TYPE = YES_ERROR;
				GCC_WARN_UNDECLARED_SELECTOR = YES;
				GCC_WARN_UNINITIALIZED_AUTOS = YES_AGGRESSIVE;
				GCC_WARN_UNUSED_FUNCTION = YES;
				GCC_WARN_UNUSED_VARIABLE = YES;
				MACOSX_DEPLOYMENT_TARGET = 11.3;
				MTL_ENABLE_DEBUG_INFO = NO;
				MTL_FAST_MATH = YES;
				SDKROOT = macosx;
				SWIFT_COMPILATION_MODE = wholemodule;
				SWIFT_OPTIMIZATION_LEVEL = "-O";
			};
			name = Release;
		};
		7813DDF426D7BB8000311DEA /* Debug */ = {
			isa = XCBuildConfiguration;
			buildSettings = {
				ASSETCATALOG_COMPILER_APPICON_NAME = AppIcon;
				ASSETCATALOG_COMPILER_GLOBAL_ACCENT_COLOR_NAME = AccentColor;
				CODE_SIGN_ENTITLEMENTS = "Chat App UI/Chat_App_UI.entitlements";
				CODE_SIGN_STYLE = Automatic;
				COMBINE_HIDPI_IMAGES = YES;
				DEVELOPMENT_ASSET_PATHS = "\"Chat App UI/Preview Content\"";
				ENABLE_PREVIEWS = YES;
				INFOPLIST_FILE = "Chat App UI/Info.plist";
				LD_RUNPATH_SEARCH_PATHS = (
					"$(inherited)",
					"@executable_path/../Frameworks",
				);
				MACOSX_DEPLOYMENT_TARGET = 11.0;
				PRODUCT_BUNDLE_IDENTIFIER = "uemerson.Chat-App-UI";
				PRODUCT_NAME = "$(TARGET_NAME)";
				SWIFT_VERSION = 5.0;
			};
			name = Debug;
		};
		7813DDF526D7BB8000311DEA /* Release */ = {
			isa = XCBuildConfiguration;
			buildSettings = {
				ASSETCATALOG_COMPILER_APPICON_NAME = AppIcon;
				ASSETCATALOG_COMPILER_GLOBAL_ACCENT_COLOR_NAME = AccentColor;
				CODE_SIGN_ENTITLEMENTS = "Chat App UI/Chat_App_UI.entitlements";
				CODE_SIGN_STYLE = Automatic;
				COMBINE_HIDPI_IMAGES = YES;
				DEVELOPMENT_ASSET_PATHS = "\"Chat App UI/Preview Content\"";
				ENABLE_PREVIEWS = YES;
				INFOPLIST_FILE = "Chat App UI/Info.plist";
				LD_RUNPATH_SEARCH_PATHS = (
					"$(inherited)",
					"@executable_path/../Frameworks",
				);
				MACOSX_DEPLOYMENT_TARGET = 11.0;
				PRODUCT_BUNDLE_IDENTIFIER = "uemerson.Chat-App-UI";
				PRODUCT_NAME = "$(TARGET_NAME)";
				SWIFT_VERSION = 5.0;
			};
			name = Release;
		};
/* End XCBuildConfiguration section */

/* Begin XCConfigurationList section */
		7813DDDE26D7BB7F00311DEA /* Build configuration list for PBXProject "Chat App UI" */ = {
			isa = XCConfigurationList;
			buildConfigurations = (
				7813DDF126D7BB8000311DEA /* Debug */,
				7813DDF226D7BB8000311DEA /* Release */,
			);
			defaultConfigurationIsVisible = 0;
			defaultConfigurationName = Release;
		};
		7813DDF326D7BB8000311DEA /* Build configuration list for PBXNativeTarget "Chat App UI" */ = {
			isa = XCConfigurationList;
			buildConfigurations = (
				7813DDF426D7BB8000311DEA /* Debug */,
				7813DDF526D7BB8000311DEA /* Release */,
			);
			defaultConfigurationIsVisible = 0;
			defaultConfigurationName = Release;
		};
/* End XCConfigurationList section */
	};
	rootObject = 7813DDDB26D7BB7F00311DEA /* Project object */;
}
